Microsoft Visual Studio Solution File, Format Version 8.00
Project("{FAE04EC0-301F-11D3-BF4B-00C04F79EFBC}") = "IndexingServerSample", "IndexingServerSample.csproj", "{86579A66-CD61-4D91-B6A4-1C512860C45B}"
	ProjectSection(ProjectDependencies) = postProject
	EndProjectSection
EndProject
Project("{FAE04EC0-301F-11D3-BF4B-00C04F79EFBC}") = "CatalogQueryManager", "..\CatalogQueryManager\CatalogQueryManager.csproj", "{ACFE276B-23DD-4853-B2CD-3C134F8248C7}"
	ProjectSection(ProjectDependencies) = postProject
	EndProjectSection
EndProject
Global
	GlobalSection(SolutionConfiguration) = preSolution
		Debug = Debug
		Release = Release
	EndGlobalSection
	GlobalSection(ProjectConfiguration) = postSolution
		{86579A66-CD61-4D91-B6A4-1C512860C45B}.Debug.ActiveCfg = Debug|.NET
		{86579A66-CD61-4D91-B6A4-1C512860C45B}.Debug.Build.0 = Debug|.NET
		{86579A66-CD61-4D91-B6A4-1C512860C45B}.Release.ActiveCfg = Release|.NET
		{86579A66-CD61-4D91-B6A4-1C512860C45B}.Release.Build.0 = Release|.NET
		{ACFE276B-23DD-4853-B2CD-3C134F8248C7}.Debug.ActiveCfg = Debug|.NET
		{ACFE276B-23DD-4853-B2CD-3C134F8248C7}.Debug.Build.0 = Debug|.NET
		{ACFE276B-23DD-4853-B2CD-3C134F8248C7}.Release.ActiveCfg = Release|.NET
		{ACFE276B-23DD-4853-B2CD-3C134F8248C7}.Release.Build.0 = Release|.NET
	EndGlobalSection
	GlobalSection(ExtensibilityGlobals) = postSolution
	EndGlobalSection
	GlobalSection(ExtensibilityAddIns) = postSolution
	EndGlobalSection
EndGlobal
